
Microsoft Visual Studio Solution File, Format Version 12.00
# Visual Studio Version 17
VisualStudioVersion = 17.14.36301.6 d17.14
MinimumVisualStudioVersion = 10.0.40219.1
Project("{8BC9CEB8-8B4A-11D0-8D11-00A0C91BC942}") = "empty", "empty.vcxproj", "{1EAD26FA-7FD6-4D53-BB65-1F273A8B965F}"
EndProject
Global
	GlobalSection(SolutionConfigurationPlatforms) = preSolution
		Debug|x64 = Debug|x64
		Debug|x86 = Debug|x86
		Release|x64 = Release|x64
		Release|x86 = Release|x86
	EndGlobalSection
	GlobalSection(ProjectConfigurationPlatforms) = postSolution
		{1EAD26FA-7FD6-4D53-BB65-1F273A8B965F}.Debug|x64.ActiveCfg = Debug|x64
		{1EAD26FA-7FD6-4D53-BB65-1F273A8B965F}.Debug|x64.Build.0 = Debug|x64
		{1EAD26FA-7FD6-4D53-BB65-1F273A8B965F}.Debug|x86.ActiveCfg = Debug|Win32
		{1EAD26FA-7FD6-4D53-BB65-1F273A8B965F}.Debug|x86.Build.0 = Debug|Win32
		{1EAD26FA-7FD6-4D53-BB65-1F273A8B965F}.Release|x64.ActiveCfg = Release|x64
		{1EAD26FA-7FD6-4D53-BB65-1F273A8B965F}.Release|x64.Build.0 = Release|x64
		{1EAD26FA-7FD6-4D53-BB65-1F273A8B965F}.Release|x86.ActiveCfg = Release|Win32
		{1EAD26FA-7FD6-4D53-BB65-1F273A8B965F}.Release|x86.Build.0 = Release|Win32
	EndGlobalSection
	GlobalSection(SolutionProperties) = preSolution
		HideSolutionNode = FALSE
	EndGlobalSection
	GlobalSection(ExtensibilityGlobals) = postSolution
		SolutionGuid = {BB21ECC0-4EF1-4BBC-830A-BAFBE8F53EC7}
	EndGlobalSection
EndGlobal
